
Microsoft Visual Studio Solution File, Format Version 12.00
# Visual Studio Version 16
VisualStudioVersion = 16.0.29509.3
MinimumVisualStudioVersion = 10.0.40219.1
Project("{9A19103F-16F7-4668-BE54-9A1E7A4F7556}") = "ChessSharp", "ChessSharp\ChessSharp.csproj", "{14AF9C40-B183-41EB-A2FB-40D97EC71125}"
EndProject
Project("{FAE04EC0-301F-11D3-BF4B-00C04F79EFBC}") = "ChessSharp.UnitTests", "ChessSharp.UnitTests\ChessSharp.UnitTests.csproj", "{ACBC36C7-4D69-4193-A35A-F5A3CF3E9DDC}"
EndProject
Project("{FAE04EC0-301F-11D3-BF4B-00C04F79EFBC}") = "ChessWebsite", "ChessWebsite\ChessWebsite.csproj", "{99473730-38FC-4C18-B28E-3B797E080542}"
EndProject
Project("{FAE04EC0-301F-11D3-BF4B-00C04F79EFBC}") = "ChessUI", "ChessUI\ChessUI.csproj", "{1A14EB92-18BF-4CEB-AAB2-1E5E357EC84D}"
EndProject
Global
	GlobalSection(SolutionConfigurationPlatforms) = preSolution
		Debug|Any CPU = Debug|Any CPU
		Release|Any CPU = Release|Any CPU
	EndGlobalSection
	GlobalSection(ProjectConfigurationPlatforms) = postSolution
		{14AF9C40-B183-41EB-A2FB-40D97EC71125}.Debug|Any CPU.ActiveCfg = Debug|Any CPU
		{14AF9C40-B183-41EB-A2FB-40D97EC71125}.Debug|Any CPU.Build.0 = Debug|Any CPU
		{14AF9C40-B183-41EB-A2FB-40D97EC71125}.Release|Any CPU.ActiveCfg = Release|Any CPU
		{14AF9C40-B183-41EB-A2FB-40D97EC71125}.Release|Any CPU.Build.0 = Release|Any CPU
		{ACBC36C7-4D69-4193-A35A-F5A3CF3E9DDC}.Debug|Any CPU.ActiveCfg = Debug|Any CPU
		{ACBC36C7-4D69-4193-A35A-F5A3CF3E9DDC}.Debug|Any CPU.Build.0 = Debug|Any CPU
		{ACBC36C7-4D69-4193-A35A-F5A3CF3E9DDC}.Release|Any CPU.ActiveCfg = Release|Any CPU
		{ACBC36C7-4D69-4193-A35A-F5A3CF3E9DDC}.Release|Any CPU.Build.0 = Release|Any CPU
		{99473730-38FC-4C18-B28E-3B797E080542}.Debug|Any CPU.ActiveCfg = Debug|Any CPU
		{99473730-38FC-4C18-B28E-3B797E080542}.Debug|Any CPU.Build.0 = Debug|Any CPU
		{99473730-38FC-4C18-B28E-3B797E080542}.Release|Any CPU.ActiveCfg = Release|Any CPU
		{99473730-38FC-4C18-B28E-3B797E080542}.Release|Any CPU.Build.0 = Release|Any CPU
		{1A14EB92-18BF-4CEB-AAB2-1E5E357EC84D}.Debug|Any CPU.ActiveCfg = Debug|Any CPU
		{1A14EB92-18BF-4CEB-AAB2-1E5E357EC84D}.Debug|Any CPU.Build.0 = Debug|Any CPU
		{1A14EB92-18BF-4CEB-AAB2-1E5E357EC84D}.Release|Any CPU.ActiveCfg = Release|Any CPU
		{1A14EB92-18BF-4CEB-AAB2-1E5E357EC84D}.Release|Any CPU.Build.0 = Release|Any CPU
	EndGlobalSection
	GlobalSection(SolutionProperties) = preSolution
		HideSolutionNode = FALSE
	EndGlobalSection
	GlobalSection(ExtensibilityGlobals) = postSolution
		SolutionGuid = {510EDAEF-7FB9-48B2-9BED-389416606E34}
	EndGlobalSection
EndGlobal
